
Microsoft Visual Studio Solution File, Format Version 12.00
# Visual Studio Version 16
VisualStudioVersion = 16.0.30320.27
MinimumVisualStudioVersion = 10.0.40219.1
Project("{2150E333-8FDC-42A3-9474-1A3956D46DE8}") = "Database", "Database", "{ECE546B0-39CA-473E-89B4-A8F9396EF630}"
EndProject
Project("{00D1A9C2-B5F0-4AF3-8072-F6C62B433612}") = "FileTime.Main", "Database\FileTime.Main\FileTime.Main.sqlproj", "{63AEB1E5-B64B-4C2F-96A2-237195DC1196}"
EndProject
Project("{2150E333-8FDC-42A3-9474-1A3956D46DE8}") = "API", "API", "{704C6BE8-75AC-4E8F-B411-6FC5967FFD2A}"
EndProject
Project("{FAE04EC0-301F-11D3-BF4B-00C04F79EFBC}") = "FileTime.EFMApi", "API\FileTime.EFMApi\FileTime.EFMApi.csproj", "{874536DF-AFCB-4CDA-94C3-2879A6B35781}"
EndProject
Project("{2150E333-8FDC-42A3-9474-1A3956D46DE8}") = "Tests", "Tests", "{5B032A09-D752-4DF1-A4BA-B179FDA8D122}"
EndProject
Project("{FAE04EC0-301F-11D3-BF4B-00C04F79EFBC}") = "FileTime.DapperDAL", "FileTime.DapperDAL\FileTime.DapperDAL.csproj", "{7A3B33EF-3647-446C-A82B-ED2BEDB56C8C}"
EndProject
Project("{2150E333-8FDC-42A3-9474-1A3956D46DE8}") = "Interface", "Interface", "{1B8F0B03-17C8-4CF2-B262-87D318BEAB91}"
EndProject
Project("{FAE04EC0-301F-11D3-BF4B-00C04F79EFBC}") = "FileTime.IDAL", "Interface\FileTime.IDAL\FileTime.IDAL.csproj", "{DB9E142E-6C60-41DD-B09F-D2D80860C44D}"
EndProject
Project("{FAE04EC0-301F-11D3-BF4B-00C04F79EFBC}") = "FileTime.DAO", "FileTime.DAO\FileTime.DAO.csproj", "{D4F019EE-FBBB-42FC-A163-61708FB9A8E6}"
EndProject
Project("{FAE04EC0-301F-11D3-BF4B-00C04F79EFBC}") = "FileTime.EFM", "FileTime.EFM\FileTime.EFM.csproj", "{29536550-77C5-4D24-85D6-FDAECD95EE8C}"
EndProject
Project("{FAE04EC0-301F-11D3-BF4B-00C04F79EFBC}") = "FileTime.IEFM", "Interface\FileTime.IEFM\FileTime.IEFM.csproj", "{EEE4EFAA-B848-470B-AEAD-C81CB4ACDB96}"
EndProject
Project("{FAE04EC0-301F-11D3-BF4B-00C04F79EFBC}") = "FileTime.IBAL", "Interface\FileTime.IBAL\FileTime.IBAL.csproj", "{20A2AFD9-4762-41AD-BEFC-05020E3851DD}"
EndProject
Project("{FAE04EC0-301F-11D3-BF4B-00C04F79EFBC}") = "FileTime.BAL", "FileTime.BAL\FileTime.BAL.csproj", "{5C33AAAD-CB31-41AD-9977-D0EA52852EC8}"
EndProject
Global
	GlobalSection(SolutionConfigurationPlatforms) = preSolution
		Debug|Any CPU = Debug|Any CPU
		Release|Any CPU = Release|Any CPU
	EndGlobalSection
	GlobalSection(ProjectConfigurationPlatforms) = postSolution
		{63AEB1E5-B64B-4C2F-96A2-237195DC1196}.Debug|Any CPU.ActiveCfg = Debug|Any CPU
		{63AEB1E5-B64B-4C2F-96A2-237195DC1196}.Debug|Any CPU.Build.0 = Debug|Any CPU
		{63AEB1E5-B64B-4C2F-96A2-237195DC1196}.Debug|Any CPU.Deploy.0 = Debug|Any CPU
		{63AEB1E5-B64B-4C2F-96A2-237195DC1196}.Release|Any CPU.ActiveCfg = Release|Any CPU
		{63AEB1E5-B64B-4C2F-96A2-237195DC1196}.Release|Any CPU.Build.0 = Release|Any CPU
		{63AEB1E5-B64B-4C2F-96A2-237195DC1196}.Release|Any CPU.Deploy.0 = Release|Any CPU
		{874536DF-AFCB-4CDA-94C3-2879A6B35781}.Debug|Any CPU.ActiveCfg = Debug|Any CPU
		{874536DF-AFCB-4CDA-94C3-2879A6B35781}.Debug|Any CPU.Build.0 = Debug|Any CPU
		{874536DF-AFCB-4CDA-94C3-2879A6B35781}.Release|Any CPU.ActiveCfg = Release|Any CPU
		{874536DF-AFCB-4CDA-94C3-2879A6B35781}.Release|Any CPU.Build.0 = Release|Any CPU
		{7A3B33EF-3647-446C-A82B-ED2BEDB56C8C}.Debug|Any CPU.ActiveCfg = Debug|Any CPU
		{7A3B33EF-3647-446C-A82B-ED2BEDB56C8C}.Debug|Any CPU.Build.0 = Debug|Any CPU
		{7A3B33EF-3647-446C-A82B-ED2BEDB56C8C}.Release|Any CPU.ActiveCfg = Release|Any CPU
		{7A3B33EF-3647-446C-A82B-ED2BEDB56C8C}.Release|Any CPU.Build.0 = Release|Any CPU
		{DB9E142E-6C60-41DD-B09F-D2D80860C44D}.Debug|Any CPU.ActiveCfg = Debug|Any CPU
		{DB9E142E-6C60-41DD-B09F-D2D80860C44D}.Debug|Any CPU.Build.0 = Debug|Any CPU
		{DB9E142E-6C60-41DD-B09F-D2D80860C44D}.Release|Any CPU.ActiveCfg = Release|Any CPU
		{DB9E142E-6C60-41DD-B09F-D2D80860C44D}.Release|Any CPU.Build.0 = Release|Any CPU
		{D4F019EE-FBBB-42FC-A163-61708FB9A8E6}.Debug|Any CPU.ActiveCfg = Debug|Any CPU
		{D4F019EE-FBBB-42FC-A163-61708FB9A8E6}.Debug|Any CPU.Build.0 = Debug|Any CPU
		{D4F019EE-FBBB-42FC-A163-61708FB9A8E6}.Release|Any CPU.ActiveCfg = Release|Any CPU
		{D4F019EE-FBBB-42FC-A163-61708FB9A8E6}.Release|Any CPU.Build.0 = Release|Any CPU
		{29536550-77C5-4D24-85D6-FDAECD95EE8C}.Debug|Any CPU.ActiveCfg = Debug|Any CPU
		{29536550-77C5-4D24-85D6-FDAECD95EE8C}.Debug|Any CPU.Build.0 = Debug|Any CPU
		{29536550-77C5-4D24-85D6-FDAECD95EE8C}.Release|Any CPU.ActiveCfg = Release|Any CPU
		{29536550-77C5-4D24-85D6-FDAECD95EE8C}.Release|Any CPU.Build.0 = Release|Any CPU
		{EEE4EFAA-B848-470B-AEAD-C81CB4ACDB96}.Debug|Any CPU.ActiveCfg = Debug|Any CPU
		{EEE4EFAA-B848-470B-AEAD-C81CB4ACDB96}.Debug|Any CPU.Build.0 = Debug|Any CPU
		{EEE4EFAA-B848-470B-AEAD-C81CB4ACDB96}.Release|Any CPU.ActiveCfg = Release|Any CPU
		{EEE4EFAA-B848-470B-AEAD-C81CB4ACDB96}.Release|Any CPU.Build.0 = Release|Any CPU
		{20A2AFD9-4762-41AD-BEFC-05020E3851DD}.Debug|Any CPU.ActiveCfg = Debug|Any CPU
		{20A2AFD9-4762-41AD-BEFC-05020E3851DD}.Debug|Any CPU.Build.0 = Debug|Any CPU
		{20A2AFD9-4762-41AD-BEFC-05020E3851DD}.Release|Any CPU.ActiveCfg = Release|Any CPU
		{20A2AFD9-4762-41AD-BEFC-05020E3851DD}.Release|Any CPU.Build.0 = Release|Any CPU
		{5C33AAAD-CB31-41AD-9977-D0EA52852EC8}.Debug|Any CPU.ActiveCfg = Debug|Any CPU
		{5C33AAAD-CB31-41AD-9977-D0EA52852EC8}.Debug|Any CPU.Build.0 = Debug|Any CPU
		{5C33AAAD-CB31-41AD-9977-D0EA52852EC8}.Release|Any CPU.ActiveCfg = Release|Any CPU
		{5C33AAAD-CB31-41AD-9977-D0EA52852EC8}.Release|Any CPU.Build.0 = Release|Any CPU
	EndGlobalSection
	GlobalSection(SolutionProperties) = preSolution
		HideSolutionNode = FALSE
	EndGlobalSection
	GlobalSection(NestedProjects) = preSolution
		{63AEB1E5-B64B-4C2F-96A2-237195DC1196} = {ECE546B0-39CA-473E-89B4-A8F9396EF630}
		{874536DF-AFCB-4CDA-94C3-2879A6B35781} = {704C6BE8-75AC-4E8F-B411-6FC5967FFD2A}
		{DB9E142E-6C60-41DD-B09F-D2D80860C44D} = {1B8F0B03-17C8-4CF2-B262-87D318BEAB91}
		{EEE4EFAA-B848-470B-AEAD-C81CB4ACDB96} = {1B8F0B03-17C8-4CF2-B262-87D318BEAB91}
		{20A2AFD9-4762-41AD-BEFC-05020E3851DD} = {1B8F0B03-17C8-4CF2-B262-87D318BEAB91}
	EndGlobalSection
	GlobalSection(ExtensibilityGlobals) = postSolution
		SolutionGuid = {79A67FEC-BA83-4FF6-B208-88246CDA364B}
	EndGlobalSection
EndGlobal
